// !$*UTF8*$!
{
	archiveVersion = 1;
	classes = {
	};
	objectVersion = 55;
	objects = {

/* Begin PBXBuildFile section */
		2D9C32F42750A5B70027A713 /* RepoDetailsViewController.swift in Sources */ = {isa = PBXBuildFile; fileRef = 2D9C32F32750A5B70027A713 /* RepoDetailsViewController.swift */; };
		2D9C32F72750A64F0027A713 /* RepoListViewModel.swift in Sources */ = {isa = PBXBuildFile; fileRef = 2D9C32F62750A64F0027A713 /* RepoListViewModel.swift */; };
		2D9C32FA2750A6F10027A713 /* RepoListDataSource.swift in Sources */ = {isa = PBXBuildFile; fileRef = 2D9C32F92750A6F10027A713 /* RepoListDataSource.swift */; };
		2D9C33012750A8900027A713 /* RepoListTableViewCell.swift in Sources */ = {isa = PBXBuildFile; fileRef = 2D9C32FF2750A8900027A713 /* RepoListTableViewCell.swift */; };
		2D9C33022750A8900027A713 /* RepoListTableViewCell.xib in Resources */ = {isa = PBXBuildFile; fileRef = 2D9C33002750A8900027A713 /* RepoListTableViewCell.xib */; };
		2D9C33042750A9A90027A713 /* RepoListModel.swift in Sources */ = {isa = PBXBuildFile; fileRef = 2D9C33032750A9A90027A713 /* RepoListModel.swift */; };
		2D9C33072750AADE0027A713 /* SearchAPIList.swift in Sources */ = {isa = PBXBuildFile; fileRef = 2D9C33062750AADE0027A713 /* SearchAPIList.swift */; };
		2D9C33092750AB4B0027A713 /* MainAPI_Handele.swift in Sources */ = {isa = PBXBuildFile; fileRef = 2D9C33082750AB4B0027A713 /* MainAPI_Handele.swift */; };
		2D9C330B2750ABAA0027A713 /* APIService.swift in Sources */ = {isa = PBXBuildFile; fileRef = 2D9C330A2750ABAA0027A713 /* APIService.swift */; };
		2D9C330D2750B5980027A713 /* Request.swift in Sources */ = {isa = PBXBuildFile; fileRef = 2D9C330C2750B5980027A713 /* Request.swift */; };
		2D9C330F2750B9B30027A713 /* InternetConnection.swift in Sources */ = {isa = PBXBuildFile; fileRef = 2D9C330E2750B9B30027A713 /* InternetConnection.swift */; };
		2D9C33122750BA350027A713 /* ViewControllerExtension.swift in Sources */ = {isa = PBXBuildFile; fileRef = 2D9C33112750BA350027A713 /* ViewControllerExtension.swift */; };
		2D9C33142750C54B0027A713 /* RequestDetailViewModel.swift in Sources */ = {isa = PBXBuildFile; fileRef = 2D9C33132750C54B0027A713 /* RequestDetailViewModel.swift */; };
		2D9C33162750C5C40027A713 /* ContributeModel.swift in Sources */ = {isa = PBXBuildFile; fileRef = 2D9C33152750C5C40027A713 /* ContributeModel.swift */; };
		2D9C33182750C6410027A713 /* ContributeDataSource.swift in Sources */ = {isa = PBXBuildFile; fileRef = 2D9C33172750C6410027A713 /* ContributeDataSource.swift */; };
		2D9C331A2750C6B20027A713 /* ImageExtension.swift in Sources */ = {isa = PBXBuildFile; fileRef = 2D9C33192750C6B20027A713 /* ImageExtension.swift */; };
		2DAAB9FD274FCB2F003910EA /* AppDelegate.swift in Sources */ = {isa = PBXBuildFile; fileRef = 2DAAB9FC274FCB2F003910EA /* AppDelegate.swift */; };
		2DAAB9FF274FCB2F003910EA /* SceneDelegate.swift in Sources */ = {isa = PBXBuildFile; fileRef = 2DAAB9FE274FCB2F003910EA /* SceneDelegate.swift */; };
		2DAABA01274FCB2F003910EA /* ViewController.swift in Sources */ = {isa = PBXBuildFile; fileRef = 2DAABA00274FCB2F003910EA /* ViewController.swift */; };
		2DAABA04274FCB2F003910EA /* Main.storyboard in Resources */ = {isa = PBXBuildFile; fileRef = 2DAABA02274FCB2F003910EA /* Main.storyboard */; };
		2DAABA07274FCB2F003910EA /* GitHubRepoSearch_Nspira.xcdatamodeld in Sources */ = {isa = PBXBuildFile; fileRef = 2DAABA05274FCB2F003910EA /* GitHubRepoSearch_Nspira.xcdatamodeld */; };
		2DAABA09274FCB33003910EA /* Assets.xcassets in Resources */ = {isa = PBXBuildFile; fileRef = 2DAABA08274FCB33003910EA /* Assets.xcassets */; };
		2DAABA0C274FCB33003910EA /* LaunchScreen.storyboard in Resources */ = {isa = PBXBuildFile; fileRef = 2DAABA0A274FCB33003910EA /* LaunchScreen.storyboard */; };
/* End PBXBuildFile section */

/* Begin PBXFileReference section */
		2D9C32F32750A5B70027A713 /* RepoDetailsViewController.swift */ = {isa = PBXFileReference; lastKnownFileType = sourcecode.swift; path = RepoDetailsViewController.swift; sourceTree = "<group>"; };
		2D9C32F62750A64F0027A713 /* RepoListViewModel.swift */ = {isa = PBXFileReference; lastKnownFileType = sourcecode.swift; path = RepoListViewModel.swift; sourceTree = "<group>"; };
		2D9C32F92750A6F10027A713 /* RepoListDataSource.swift */ = {isa = PBXFileReference; lastKnownFileType = sourcecode.swift; path = RepoListDataSource.swift; sourceTree = "<group>"; };
		2D9C32FF2750A8900027A713 /* RepoListTableViewCell.swift */ = {isa = PBXFileReference; lastKnownFileType = sourcecode.swift; path = RepoListTableViewCell.swift; sourceTree = "<group>"; };
		2D9C33002750A8900027A713 /* RepoListTableViewCell.xib */ = {isa = PBXFileReference; lastKnownFileType = file.xib; path = RepoListTableViewCell.xib; sourceTree = "<group>"; };
		2D9C33032750A9A90027A713 /* RepoListModel.swift */ = {isa = PBXFileReference; lastKnownFileType = sourcecode.swift; path = RepoListModel.swift; sourceTree = "<group>"; };
		2D9C33062750AADE0027A713 /* SearchAPIList.swift */ = {isa = PBXFileReference; lastKnownFileType = sourcecode.swift; path = SearchAPIList.swift; sourceTree = "<group>"; };
		2D9C33082750AB4B0027A713 /* MainAPI_Handele.swift */ = {isa = PBXFileReference; lastKnownFileType = sourcecode.swift; path = MainAPI_Handele.swift; sourceTree = "<group>"; };
		2D9C330A2750ABAA0027A713 /* APIService.swift */ = {isa = PBXFileReference; lastKnownFileType = sourcecode.swift; path = APIService.swift; sourceTree = "<group>"; };
		2D9C330C2750B5980027A713 /* Request.swift */ = {isa = PBXFileReference; lastKnownFileType = sourcecode.swift; path = Request.swift; sourceTree = "<group>"; };
		2D9C330E2750B9B30027A713 /* InternetConnection.swift */ = {isa = PBXFileReference; lastKnownFileType = sourcecode.swift; path = InternetConnection.swift; sourceTree = "<group>"; };
		2D9C33112750BA350027A713 /* ViewControllerExtension.swift */ = {isa = PBXFileReference; lastKnownFileType = sourcecode.swift; path = ViewControllerExtension.swift; sourceTree = "<group>"; };
		2D9C33132750C54B0027A713 /* RequestDetailViewModel.swift */ = {isa = PBXFileReference; lastKnownFileType = sourcecode.swift; path = RequestDetailViewModel.swift; sourceTree = "<group>"; };
		2D9C33152750C5C40027A713 /* ContributeModel.swift */ = {isa = PBXFileReference; lastKnownFileType = sourcecode.swift; path = ContributeModel.swift; sourceTree = "<group>"; };
		2D9C33172750C6410027A713 /* ContributeDataSource.swift */ = {isa = PBXFileReference; lastKnownFileType = sourcecode.swift; path = ContributeDataSource.swift; sourceTree = "<group>"; };
		2D9C33192750C6B20027A713 /* ImageExtension.swift */ = {isa = PBXFileReference; lastKnownFileType = sourcecode.swift; path = ImageExtension.swift; sourceTree = "<group>"; };
		2DAAB9F9274FCB2F003910EA /* GitHubRepoSearch_Nspira.app */ = {isa = PBXFileReference; explicitFileType = wrapper.application; includeInIndex = 0; path = GitHubRepoSearch_Nspira.app; sourceTree = BUILT_PRODUCTS_DIR; };
		2DAAB9FC274FCB2F003910EA /* AppDelegate.swift */ = {isa = PBXFileReference; lastKnownFileType = sourcecode.swift; path = AppDelegate.swift; sourceTree = "<group>"; };
		2DAAB9FE274FCB2F003910EA /* SceneDelegate.swift */ = {isa = PBXFileReference; lastKnownFileType = sourcecode.swift; path = SceneDelegate.swift; sourceTree = "<group>"; };
		2DAABA00274FCB2F003910EA /* ViewController.swift */ = {isa = PBXFileReference; lastKnownFileType = sourcecode.swift; path = ViewController.swift; sourceTree = "<group>"; };
		2DAABA03274FCB2F003910EA /* Base */ = {isa = PBXFileReference; lastKnownFileType = file.storyboard; name = Base; path = Base.lproj/Main.storyboard; sourceTree = "<group>"; };
		2DAABA06274FCB2F003910EA /* GitHubRepoSearch_Nspira.xcdatamodel */ = {isa = PBXFileReference; lastKnownFileType = wrapper.xcdatamodel; path = GitHubRepoSearch_Nspira.xcdatamodel; sourceTree = "<group>"; };
		2DAABA08274FCB33003910EA /* Assets.xcassets */ = {isa = PBXFileReference; lastKnownFileType = folder.assetcatalog; path = Assets.xcassets; sourceTree = "<group>"; };
		2DAABA0B274FCB33003910EA /* Base */ = {isa = PBXFileReference; lastKnownFileType = file.storyboard; name = Base; path = Base.lproj/LaunchScreen.storyboard; sourceTree = "<group>"; };
		2DAABA0D274FCB33003910EA /* Info.plist */ = {isa = PBXFileReference; lastKnownFileType = text.plist.xml; path = Info.plist; sourceTree = "<group>"; };
/* End PBXFileReference section */

/* Begin PBXFrameworksBuildPhase section */
		2DAAB9F6274FCB2F003910EA /* Frameworks */ = {
			isa = PBXFrameworksBuildPhase;
			buildActionMask = 2147483647;
			files = (
			);
			runOnlyForDeploymentPostprocessing = 0;
		};
/* End PBXFrameworksBuildPhase section */

/* Begin PBXGroup section */
		2D9C32F52750A6300027A713 /* ViewModel */ = {
			isa = PBXGroup;
			children = (
				2D9C32F62750A64F0027A713 /* RepoListViewModel.swift */,
				2D9C33132750C54B0027A713 /* RequestDetailViewModel.swift */,
			);
			path = ViewModel;
			sourceTree = "<group>";
		};
		2D9C32F82750A6CF0027A713 /* Utility */ = {
			isa = PBXGroup;
			children = (
				2D9C32F92750A6F10027A713 /* RepoListDataSource.swift */,
				2D9C330E2750B9B30027A713 /* InternetConnection.swift */,
				2D9C33172750C6410027A713 /* ContributeDataSource.swift */,
			);
			path = Utility;
			sourceTree = "<group>";
		};
		2D9C32FB2750A7A20027A713 /* Views */ = {
			isa = PBXGroup;
			children = (
				2D9C32FD2750A81A0027A713 /* CustomCell */,
				2D9C32FE2750A83A0027A713 /* ViewControllers */,
			);
			path = Views;
			sourceTree = "<group>";
		};
		2D9C32FC2750A7EC0027A713 /* Model */ = {
			isa = PBXGroup;
			children = (
				2D9C33032750A9A90027A713 /* RepoListModel.swift */,
				2D9C33152750C5C40027A713 /* ContributeModel.swift */,
			);
			path = Model;
			sourceTree = "<group>";
		};
		2D9C32FD2750A81A0027A713 /* CustomCell */ = {
			isa = PBXGroup;
			children = (
				2D9C32FF2750A8900027A713 /* RepoListTableViewCell.swift */,
				2D9C33002750A8900027A713 /* RepoListTableViewCell.xib */,
			);
			path = CustomCell;
			sourceTree = "<group>";
		};
		2D9C32FE2750A83A0027A713 /* ViewControllers */ = {
			isa = PBXGroup;
			children = (
				2DAABA00274FCB2F003910EA /* ViewController.swift */,
				2D9C32F32750A5B70027A713 /* RepoDetailsViewController.swift */,
			);
			path = ViewControllers;
			sourceTree = "<group>";
		};
		2D9C33052750AABE0027A713 /* API Hnadler */ = {
			isa = PBXGroup;
			children = (
				2D9C33062750AADE0027A713 /* SearchAPIList.swift */,
				2D9C33082750AB4B0027A713 /* MainAPI_Handele.swift */,
				2D9C330A2750ABAA0027A713 /* APIService.swift */,
				2D9C330C2750B5980027A713 /* Request.swift */,
			);
			path = "API Hnadler";
			sourceTree = "<group>";
		};
		2D9C33102750BA1D0027A713 /* Extension */ = {
			isa = PBXGroup;
			children = (
				2D9C33112750BA350027A713 /* ViewControllerExtension.swift */,
				2D9C33192750C6B20027A713 /* ImageExtension.swift */,
			);
			path = Extension;
			sourceTree = "<group>";
		};
		2DAAB9F0274FCB2F003910EA = {
			isa = PBXGroup;
			children = (
				2DAAB9FB274FCB2F003910EA /* GitHubRepoSearch_Nspira */,
				2DAAB9FA274FCB2F003910EA /* Products */,
			);
			sourceTree = "<group>";
		};
		2DAAB9FA274FCB2F003910EA /* Products */ = {
			isa = PBXGroup;
			children = (
				2DAAB9F9274FCB2F003910EA /* GitHubRepoSearch_Nspira.app */,
			);
			name = Products;
			sourceTree = "<group>";
		};
		2DAAB9FB274FCB2F003910EA /* GitHubRepoSearch_Nspira */ = {
			isa = PBXGroup;
			children = (
				2D9C33102750BA1D0027A713 /* Extension */,
				2D9C32FC2750A7EC0027A713 /* Model */,
				2D9C32FB2750A7A20027A713 /* Views */,
				2D9C32F52750A6300027A713 /* ViewModel */,
				2D9C33052750AABE0027A713 /* API Hnadler */,
				2D9C32F82750A6CF0027A713 /* Utility */,
				2DAAB9FC274FCB2F003910EA /* AppDelegate.swift */,
				2DAAB9FE274FCB2F003910EA /* SceneDelegate.swift */,
				2DAABA02274FCB2F003910EA /* Main.storyboard */,
				2DAABA08274FCB33003910EA /* Assets.xcassets */,
				2DAABA0A274FCB33003910EA /* LaunchScreen.storyboard */,
				2DAABA0D274FCB33003910EA /* Info.plist */,
				2DAABA05274FCB2F003910EA /* GitHubRepoSearch_Nspira.xcdatamodeld */,
			);
			path = GitHubRepoSearch_Nspira;
			sourceTree = "<group>";
		};
/* End PBXGroup section */

/* Begin PBXNativeTarget section */
		2DAAB9F8274FCB2F003910EA /* GitHubRepoSearch_Nspira */ = {
			isa = PBXNativeTarget;
			buildConfigurationList = 2DAABA10274FCB33003910EA /* Build configuration list for PBXNativeTarget "GitHubRepoSearch_Nspira" */;
			buildPhases = (
				2DAAB9F5274FCB2F003910EA /* Sources */,
				2DAAB9F6274FCB2F003910EA /* Frameworks */,
				2DAAB9F7274FCB2F003910EA /* Resources */,
			);
			buildRules = (
			);
			dependencies = (
			);
			name = GitHubRepoSearch_Nspira;
			productName = GitHubRepoSearch_Nspira;
			productReference = 2DAAB9F9274FCB2F003910EA /* GitHubRepoSearch_Nspira.app */;
			productType = "com.apple.product-type.application";
		};
/* End PBXNativeTarget section */

/* Begin PBXProject section */
		2DAAB9F1274FCB2F003910EA /* Project object */ = {
			isa = PBXProject;
			attributes = {
				BuildIndependentTargetsInParallel = 1;
				LastSwiftUpdateCheck = 1300;
				LastUpgradeCheck = 1300;
				TargetAttributes = {
					2DAAB9F8274FCB2F003910EA = {
						CreatedOnToolsVersion = 13.0;
					};
				};
			};
			buildConfigurationList = 2DAAB9F4274FCB2F003910EA /* Build configuration list for PBXProject "GitHubRepoSearch_Nspira" */;
			compatibilityVersion = "Xcode 13.0";
			developmentRegion = en;
			hasScannedForEncodings = 0;
			knownRegions = (
				en,
				Base,
			);
			mainGroup = 2DAAB9F0274FCB2F003910EA;
			productRefGroup = 2DAAB9FA274FCB2F003910EA /* Products */;
			projectDirPath = "";
			projectRoot = "";
			targets = (
				2DAAB9F8274FCB2F003910EA /* GitHubRepoSearch_Nspira */,
			);
		};
/* End PBXProject section */

/* Begin PBXResourcesBuildPhase section */
		2DAAB9F7274FCB2F003910EA /* Resources */ = {
			isa = PBXResourcesBuildPhase;
			buildActionMask = 2147483647;
			files = (
				2DAABA0C274FCB33003910EA /* LaunchScreen.storyboard in Resources */,
				2DAABA09274FCB33003910EA /* Assets.xcassets in Resources */,
				2DAABA04274FCB2F003910EA /* Main.storyboard in Resources */,
				2D9C33022750A8900027A713 /* RepoListTableViewCell.xib in Resources */,
			);
			runOnlyForDeploymentPostprocessing = 0;
		};
/* End PBXResourcesBuildPhase section */

/* Begin PBXSourcesBuildPhase section */
		2DAAB9F5274FCB2F003910EA /* Sources */ = {
			isa = PBXSourcesBuildPhase;
			buildActionMask = 2147483647;
			files = (
				2D9C32F42750A5B70027A713 /* RepoDetailsViewController.swift in Sources */,
				2D9C331A2750C6B20027A713 /* ImageExtension.swift in Sources */,
				2D9C33182750C6410027A713 /* ContributeDataSource.swift in Sources */,
				2D9C330D2750B5980027A713 /* Request.swift in Sources */,
				2DAABA01274FCB2F003910EA /* ViewController.swift in Sources */,
				2D9C32FA2750A6F10027A713 /* RepoListDataSource.swift in Sources */,
				2D9C33012750A8900027A713 /* RepoListTableViewCell.swift in Sources */,
				2D9C32F72750A64F0027A713 /* RepoListViewModel.swift in Sources */,
				2D9C33092750AB4B0027A713 /* MainAPI_Handele.swift in Sources */,
				2DAAB9FD274FCB2F003910EA /* AppDelegate.swift in Sources */,
				2D9C33162750C5C40027A713 /* ContributeModel.swift in Sources */,
				2D9C33122750BA350027A713 /* ViewControllerExtension.swift in Sources */,
				2DAAB9FF274FCB2F003910EA /* SceneDelegate.swift in Sources */,
				2DAABA07274FCB2F003910EA /* GitHubRepoSearch_Nspira.xcdatamodeld in Sources */,
				2D9C33072750AADE0027A713 /* SearchAPIList.swift in Sources */,
				2D9C330B2750ABAA0027A713 /* APIService.swift in Sources */,
				2D9C330F2750B9B30027A713 /* InternetConnection.swift in Sources */,
				2D9C33042750A9A90027A713 /* RepoListModel.swift in Sources */,
				2D9C33142750C54B0027A713 /* RequestDetailViewModel.swift in Sources */,
			);
			runOnlyForDeploymentPostprocessing = 0;
		};
/* End PBXSourcesBuildPhase section */

/* Begin PBXVariantGroup section */
		2DAABA02274FCB2F003910EA /* Main.storyboard */ = {
			isa = PBXVariantGroup;
			children = (
				2DAABA03274FCB2F003910EA /* Base */,
			);
			name = Main.storyboard;
			sourceTree = "<group>";
		};
		2DAABA0A274FCB33003910EA /* LaunchScreen.storyboard */ = {
			isa = PBXVariantGroup;
			children = (
				2DAABA0B274FCB33003910EA /* Base */,
			);
			name = LaunchScreen.storyboard;
			sourceTree = "<group>";
		};
/* End PBXVariantGroup section */

/* Begin XCBuildConfiguration section */
		2DAABA0E274FCB33003910EA /* Debug */ = {
			isa = XCBuildConfiguration;
			buildSettings = {
				ALWAYS_SEARCH_USER_PATHS = NO;
				CLANG_ANALYZER_NONNULL = YES;
				CLANG_ANALYZER_NUMBER_OBJECT_CONVERSION = YES_AGGRESSIVE;
				CLANG_CXX_LANGUAGE_STANDARD = "gnu++17";
				CLANG_CXX_LIBRARY = "libc++";
				CLANG_ENABLE_MODULES = YES;
				CLANG_ENABLE_OBJC_ARC = YES;
				CLANG_ENABLE_OBJC_WEAK = YES;
				CLANG_WARN_BLOCK_CAPTURE_AUTORELEASING = YES;
				CLANG_WARN_BOOL_CONVERSION = YES;
				CLANG_WARN_COMMA = YES;
				CLANG_WARN_CONSTANT_CONVERSION = YES;
				CLANG_WARN_DEPRECATED_OBJC_IMPLEMENTATIONS = YES;
				CLANG_WARN_DIRECT_OBJC_ISA_USAGE = YES_ERROR;
				CLANG_WARN_DOCUMENTATION_COMMENTS = YES;
				CLANG_WARN_EMPTY_BODY = YES;
				CLANG_WARN_ENUM_CONVERSION = YES;
				CLANG_WARN_INFINITE_RECURSION = YES;
				CLANG_WARN_INT_CONVERSION = YES;
				CLANG_WARN_NON_LITERAL_NULL_CONVERSION = YES;
				CLANG_WARN_OBJC_IMPLICIT_RETAIN_SELF = YES;
				CLANG_WARN_OBJC_LITERAL_CONVERSION = YES;
				CLANG_WARN_OBJC_ROOT_CLASS = YES_ERROR;
				CLANG_WARN_QUOTED_INCLUDE_IN_FRAMEWORK_HEADER = YES;
				CLANG_WARN_RANGE_LOOP_ANALYSIS = YES;
				CLANG_WARN_STRICT_PROTOTYPES = YES;
				CLANG_WARN_SUSPICIOUS_MOVE = YES;
				CLANG_WARN_UNGUARDED_AVAILABILITY = YES_AGGRESSIVE;
				CLANG_WARN_UNREACHABLE_CODE = YES;
				CLANG_WARN__DUPLICATE_METHOD_MATCH = YES;
				COPY_PHASE_STRIP = NO;
				DEBUG_INFORMATION_FORMAT = dwarf;
				ENABLE_STRICT_OBJC_MSGSEND = YES;
				ENABLE_TESTABILITY = YES;
				GCC_C_LANGUAGE_STANDARD = gnu11;
				GCC_DYNAMIC_NO_PIC = NO;
				GCC_NO_COMMON_BLOCKS = YES;
				GCC_OPTIMIZATION_LEVEL = 0;
				GCC_PREPROCESSOR_DEFINITIONS = (
					"DEBUG=1",
					"$(inherited)",
				);
				GCC_WARN_64_TO_32_BIT_CONVERSION = YES;
				GCC_WARN_ABOUT_RETURN_TYPE = YES_ERROR;
				GCC_WARN_UNDECLARED_SELECTOR = YES;
				GCC_WARN_UNINITIALIZED_AUTOS = YES_AGGRESSIVE;
				GCC_WARN_UNUSED_FUNCTION = YES;
				GCC_WARN_UNUSED_VARIABLE = YES;
				IPHONEOS_DEPLOYMENT_TARGET = 15.0;
				MTL_ENABLE_DEBUG_INFO = INCLUDE_SOURCE;
				MTL_FAST_MATH = YES;
				ONLY_ACTIVE_ARCH = YES;
				SDKROOT = iphoneos;
				SWIFT_ACTIVE_COMPILATION_CONDITIONS = DEBUG;
				SWIFT_OPTIMIZATION_LEVEL = "-Onone";
			};
			name = Debug;
		};
		2DAABA0F274FCB33003910EA /* Release */ = {
			isa = XCBuildConfiguration;
			buildSettings = {
				ALWAYS_SEARCH_USER_PATHS = NO;
				CLANG_ANALYZER_NONNULL = YES;
				CLANG_ANALYZER_NUMBER_OBJECT_CONVERSION = YES_AGGRESSIVE;
				CLANG_CXX_LANGUAGE_STANDARD = "gnu++17";
				CLANG_CXX_LIBRARY = "libc++";
				CLANG_ENABLE_MODULES = YES;
				CLANG_ENABLE_OBJC_ARC = YES;
				CLANG_ENABLE_OBJC_WEAK = YES;
				CLANG_WARN_BLOCK_CAPTURE_AUTORELEASING = YES;
				CLANG_WARN_BOOL_CONVERSION = YES;
				CLANG_WARN_COMMA = YES;
				CLANG_WARN_CONSTANT_CONVERSION = YES;
				CLANG_WARN_DEPRECATED_OBJC_IMPLEMENTATIONS = YES;
				CLANG_WARN_DIRECT_OBJC_ISA_USAGE = YES_ERROR;
				CLANG_WARN_DOCUMENTATION_COMMENTS = YES;
				CLANG_WARN_EMPTY_BODY = YES;
				CLANG_WARN_ENUM_CONVERSION = YES;
				CLANG_WARN_INFINITE_RECURSION = YES;
				CLANG_WARN_INT_CONVERSION = YES;
				CLANG_WARN_NON_LITERAL_NULL_CONVERSION = YES;
				CLANG_WARN_OBJC_IMPLICIT_RETAIN_SELF = YES;
				CLANG_WARN_OBJC_LITERAL_CONVERSION = YES;
				CLANG_WARN_OBJC_ROOT_CLASS = YES_ERROR;
				CLANG_WARN_QUOTED_INCLUDE_IN_FRAMEWORK_HEADER = YES;
				CLANG_WARN_RANGE_LOOP_ANALYSIS = YES;
				CLANG_WARN_STRICT_PROTOTYPES = YES;
				CLANG_WARN_SUSPICIOUS_MOVE = YES;
				CLANG_WARN_UNGUARDED_AVAILABILITY = YES_AGGRESSIVE;
				CLANG_WARN_UNREACHABLE_CODE = YES;
				CLANG_WARN__DUPLICATE_METHOD_MATCH = YES;
				COPY_PHASE_STRIP = NO;
				DEBUG_INFORMATION_FORMAT = "dwarf-with-dsym";
				ENABLE_NS_ASSERTIONS = NO;
				ENABLE_STRICT_OBJC_MSGSEND = YES;
				GCC_C_LANGUAGE_STANDARD = gnu11;
				GCC_NO_COMMON_BLOCKS = YES;
				GCC_WARN_64_TO_32_BIT_CONVERSION = YES;
				GCC_WARN_ABOUT_RETURN_TYPE = YES_ERROR;
				GCC_WARN_UNDECLARED_SELECTOR = YES;
				GCC_WARN_UNINITIALIZED_AUTOS = YES_AGGRESSIVE;
				GCC_WARN_UNUSED_FUNCTION = YES;
				GCC_WARN_UNUSED_VARIABLE = YES;
				IPHONEOS_DEPLOYMENT_TARGET = 15.0;
				MTL_ENABLE_DEBUG_INFO = NO;
				MTL_FAST_MATH = YES;
				SDKROOT = iphoneos;
				SWIFT_COMPILATION_MODE = wholemodule;
				SWIFT_OPTIMIZATION_LEVEL = "-O";
				VALIDATE_PRODUCT = YES;
			};
			name = Release;
		};
		2DAABA11274FCB33003910EA /* Debug */ = {
			isa = XCBuildConfiguration;
			buildSettings = {
				ASSETCATALOG_COMPILER_APPICON_NAME = AppIcon;
				ASSETCATALOG_COMPILER_GLOBAL_ACCENT_COLOR_NAME = AccentColor;
				CODE_SIGN_STYLE = Automatic;
				CURRENT_PROJECT_VERSION = 1;
				GENERATE_INFOPLIST_FILE = YES;
				INFOPLIST_FILE = GitHubRepoSearch_Nspira/Info.plist;
				INFOPLIST_KEY_UIApplicationSupportsIndirectInputEvents = YES;
				INFOPLIST_KEY_UILaunchStoryboardName = LaunchScreen;
				INFOPLIST_KEY_UIMainStoryboardFile = Main;
				INFOPLIST_KEY_UISupportedInterfaceOrientations_iPad = "UIInterfaceOrientationPortrait UIInterfaceOrientationPortraitUpsideDown UIInterfaceOrientationLandscapeLeft UIInterfaceOrientationLandscapeRight";
				INFOPLIST_KEY_UISupportedInterfaceOrientations_iPhone = "UIInterfaceOrientationPortrait UIInterfaceOrientationLandscapeLeft UIInterfaceOrientationLandscapeRight";
				LD_RUNPATH_SEARCH_PATHS = (
					"$(inherited)",
					"@executable_path/Frameworks",
				);
				MARKETING_VERSION = 1.0;
				PRODUCT_BUNDLE_IDENTIFIER = "com.Atchyuth.GitHubRepoSearch-Nspira";
				PRODUCT_NAME = "$(TARGET_NAME)";
				SWIFT_EMIT_LOC_STRINGS = YES;
				SWIFT_VERSION = 5.0;
				TARGETED_DEVICE_FAMILY = "1,2";
			};
			name = Debug;
		};
		2DAABA12274FCB33003910EA /* Release */ = {
			isa = XCBuildConfiguration;
			buildSettings = {
				ASSETCATALOG_COMPILER_APPICON_NAME = AppIcon;
				ASSETCATALOG_COMPILER_GLOBAL_ACCENT_COLOR_NAME = AccentColor;
				CODE_SIGN_STYLE = Automatic;
				CURRENT_PROJECT_VERSION = 1;
				GENERATE_INFOPLIST_FILE = YES;
				INFOPLIST_FILE = GitHubRepoSearch_Nspira/Info.plist;
				INFOPLIST_KEY_UIApplicationSupportsIndirectInputEvents = YES;
				INFOPLIST_KEY_UILaunchStoryboardName = LaunchScreen;
				INFOPLIST_KEY_UIMainStoryboardFile = Main;
				INFOPLIST_KEY_UISupportedInterfaceOrientations_iPad = "UIInterfaceOrientationPortrait UIInterfaceOrientationPortraitUpsideDown UIInterfaceOrientationLandscapeLeft UIInterfaceOrientationLandscapeRight";
				INFOPLIST_KEY_UISupportedInterfaceOrientations_iPhone = "UIInterfaceOrientationPortrait UIInterfaceOrientationLandscapeLeft UIInterfaceOrientationLandscapeRight";
				LD_RUNPATH_SEARCH_PATHS = (
					"$(inherited)",
					"@executable_path/Frameworks",
				);
				MARKETING_VERSION = 1.0;
				PRODUCT_BUNDLE_IDENTIFIER = "com.Atchyuth.GitHubRepoSearch-Nspira";
				PRODUCT_NAME = "$(TARGET_NAME)";
				SWIFT_EMIT_LOC_STRINGS = YES;
				SWIFT_VERSION = 5.0;
				TARGETED_DEVICE_FAMILY = "1,2";
			};
			name = Release;
		};
/* End XCBuildConfiguration section */

/* Begin XCConfigurationList section */
		2DAAB9F4274FCB2F003910EA /* Build configuration list for PBXProject "GitHubRepoSearch_Nspira" */ = {
			isa = XCConfigurationList;
			buildConfigurations = (
				2DAABA0E274FCB33003910EA /* Debug */,
				2DAABA0F274FCB33003910EA /* Release */,
			);
			defaultConfigurationIsVisible = 0;
			defaultConfigurationName = Release;
		};
		2DAABA10274FCB33003910EA /* Build configuration list for PBXNativeTarget "GitHubRepoSearch_Nspira" */ = {
			isa = XCConfigurationList;
			buildConfigurations = (
				2DAABA11274FCB33003910EA /* Debug */,
				2DAABA12274FCB33003910EA /* Release */,
			);
			defaultConfigurationIsVisible = 0;
			defaultConfigurationName = Release;
		};
/* End XCConfigurationList section */

/* Begin XCVersionGroup section */
		2DAABA05274FCB2F003910EA /* GitHubRepoSearch_Nspira.xcdatamodeld */ = {
			isa = XCVersionGroup;
			children = (
				2DAABA06274FCB2F003910EA /* GitHubRepoSearch_Nspira.xcdatamodel */,
			);
			currentVersion = 2DAABA06274FCB2F003910EA /* GitHubRepoSearch_Nspira.xcdatamodel */;
			path = GitHubRepoSearch_Nspira.xcdatamodeld;
			sourceTree = "<group>";
			versionGroupType = wrapper.xcdatamodel;
		};
/* End XCVersionGroup section */
	};
	rootObject = 2DAAB9F1274FCB2F003910EA /* Project object */;
}
